
Microsoft Visual Studio Solution File, Format Version 12.00
# Visual Studio Version 16
VisualStudioVersion = 16.0.30114.105
MinimumVisualStudioVersion = 10.0.40219.1
Project("{FAE04EC0-301F-11D3-BF4B-00C04F79EFBC}") = "Domain", "Domain\Domain.csproj", "{88BBCAFE-E5CE-49B2-A766-38772AB5B1FD}"
EndProject
Project("{FAE04EC0-301F-11D3-BF4B-00C04F79EFBC}") = "api", "api\api.csproj", "{90C1A180-7DF7-49CC-9903-025C72B865D5}"
EndProject
Project("{FAE04EC0-301F-11D3-BF4B-00C04F79EFBC}") = "App", "App\App.csproj", "{0FB293CC-971B-4185-A78B-8F24C00FA0EF}"
EndProject
Project("{FAE04EC0-301F-11D3-BF4B-00C04F79EFBC}") = "Persistance", "Persistance\Persistance.csproj", "{EE987CA4-AFD8-480B-872E-FEE6EE221EFC}"
EndProject
Global
	GlobalSection(SolutionConfigurationPlatforms) = preSolution
		Debug|Any CPU = Debug|Any CPU
		Debug|x64 = Debug|x64
		Debug|x86 = Debug|x86
		Release|Any CPU = Release|Any CPU
		Release|x64 = Release|x64
		Release|x86 = Release|x86
	EndGlobalSection
	GlobalSection(SolutionProperties) = preSolution
		HideSolutionNode = FALSE
	EndGlobalSection
	GlobalSection(ProjectConfigurationPlatforms) = postSolution
		{88BBCAFE-E5CE-49B2-A766-38772AB5B1FD}.Debug|Any CPU.ActiveCfg = Debug|Any CPU
		{88BBCAFE-E5CE-49B2-A766-38772AB5B1FD}.Debug|Any CPU.Build.0 = Debug|Any CPU
		{88BBCAFE-E5CE-49B2-A766-38772AB5B1FD}.Debug|x64.ActiveCfg = Debug|Any CPU
		{88BBCAFE-E5CE-49B2-A766-38772AB5B1FD}.Debug|x64.Build.0 = Debug|Any CPU
		{88BBCAFE-E5CE-49B2-A766-38772AB5B1FD}.Debug|x86.ActiveCfg = Debug|Any CPU
		{88BBCAFE-E5CE-49B2-A766-38772AB5B1FD}.Debug|x86.Build.0 = Debug|Any CPU
		{88BBCAFE-E5CE-49B2-A766-38772AB5B1FD}.Release|Any CPU.ActiveCfg = Release|Any CPU
		{88BBCAFE-E5CE-49B2-A766-38772AB5B1FD}.Release|Any CPU.Build.0 = Release|Any CPU
		{88BBCAFE-E5CE-49B2-A766-38772AB5B1FD}.Release|x64.ActiveCfg = Release|Any CPU
		{88BBCAFE-E5CE-49B2-A766-38772AB5B1FD}.Release|x64.Build.0 = Release|Any CPU
		{88BBCAFE-E5CE-49B2-A766-38772AB5B1FD}.Release|x86.ActiveCfg = Release|Any CPU
		{88BBCAFE-E5CE-49B2-A766-38772AB5B1FD}.Release|x86.Build.0 = Release|Any CPU
		{90C1A180-7DF7-49CC-9903-025C72B865D5}.Debug|Any CPU.ActiveCfg = Debug|Any CPU
		{90C1A180-7DF7-49CC-9903-025C72B865D5}.Debug|Any CPU.Build.0 = Debug|Any CPU
		{90C1A180-7DF7-49CC-9903-025C72B865D5}.Debug|x64.ActiveCfg = Debug|Any CPU
		{90C1A180-7DF7-49CC-9903-025C72B865D5}.Debug|x64.Build.0 = Debug|Any CPU
		{90C1A180-7DF7-49CC-9903-025C72B865D5}.Debug|x86.ActiveCfg = Debug|Any CPU
		{90C1A180-7DF7-49CC-9903-025C72B865D5}.Debug|x86.Build.0 = Debug|Any CPU
		{90C1A180-7DF7-49CC-9903-025C72B865D5}.Release|Any CPU.ActiveCfg = Release|Any CPU
		{90C1A180-7DF7-49CC-9903-025C72B865D5}.Release|Any CPU.Build.0 = Release|Any CPU
		{90C1A180-7DF7-49CC-9903-025C72B865D5}.Release|x64.ActiveCfg = Release|Any CPU
		{90C1A180-7DF7-49CC-9903-025C72B865D5}.Release|x64.Build.0 = Release|Any CPU
		{90C1A180-7DF7-49CC-9903-025C72B865D5}.Release|x86.ActiveCfg = Release|Any CPU
		{90C1A180-7DF7-49CC-9903-025C72B865D5}.Release|x86.Build.0 = Release|Any CPU
		{0FB293CC-971B-4185-A78B-8F24C00FA0EF}.Debug|Any CPU.ActiveCfg = Debug|Any CPU
		{0FB293CC-971B-4185-A78B-8F24C00FA0EF}.Debug|Any CPU.Build.0 = Debug|Any CPU
		{0FB293CC-971B-4185-A78B-8F24C00FA0EF}.Debug|x64.ActiveCfg = Debug|Any CPU
		{0FB293CC-971B-4185-A78B-8F24C00FA0EF}.Debug|x64.Build.0 = Debug|Any CPU
		{0FB293CC-971B-4185-A78B-8F24C00FA0EF}.Debug|x86.ActiveCfg = Debug|Any CPU
		{0FB293CC-971B-4185-A78B-8F24C00FA0EF}.Debug|x86.Build.0 = Debug|Any CPU
		{0FB293CC-971B-4185-A78B-8F24C00FA0EF}.Release|Any CPU.ActiveCfg = Release|Any CPU
		{0FB293CC-971B-4185-A78B-8F24C00FA0EF}.Release|Any CPU.Build.0 = Release|Any CPU
		{0FB293CC-971B-4185-A78B-8F24C00FA0EF}.Release|x64.ActiveCfg = Release|Any CPU
		{0FB293CC-971B-4185-A78B-8F24C00FA0EF}.Release|x64.Build.0 = Release|Any CPU
		{0FB293CC-971B-4185-A78B-8F24C00FA0EF}.Release|x86.ActiveCfg = Release|Any CPU
		{0FB293CC-971B-4185-A78B-8F24C00FA0EF}.Release|x86.Build.0 = Release|Any CPU
		{EE987CA4-AFD8-480B-872E-FEE6EE221EFC}.Debug|Any CPU.ActiveCfg = Debug|Any CPU
		{EE987CA4-AFD8-480B-872E-FEE6EE221EFC}.Debug|Any CPU.Build.0 = Debug|Any CPU
		{EE987CA4-AFD8-480B-872E-FEE6EE221EFC}.Debug|x64.ActiveCfg = Debug|Any CPU
		{EE987CA4-AFD8-480B-872E-FEE6EE221EFC}.Debug|x64.Build.0 = Debug|Any CPU
		{EE987CA4-AFD8-480B-872E-FEE6EE221EFC}.Debug|x86.ActiveCfg = Debug|Any CPU
		{EE987CA4-AFD8-480B-872E-FEE6EE221EFC}.Debug|x86.Build.0 = Debug|Any CPU
		{EE987CA4-AFD8-480B-872E-FEE6EE221EFC}.Release|Any CPU.ActiveCfg = Release|Any CPU
		{EE987CA4-AFD8-480B-872E-FEE6EE221EFC}.Release|Any CPU.Build.0 = Release|Any CPU
		{EE987CA4-AFD8-480B-872E-FEE6EE221EFC}.Release|x64.ActiveCfg = Release|Any CPU
		{EE987CA4-AFD8-480B-872E-FEE6EE221EFC}.Release|x64.Build.0 = Release|Any CPU
		{EE987CA4-AFD8-480B-872E-FEE6EE221EFC}.Release|x86.ActiveCfg = Release|Any CPU
		{EE987CA4-AFD8-480B-872E-FEE6EE221EFC}.Release|x86.Build.0 = Release|Any CPU
	EndGlobalSection
EndGlobal
